# THIS IS AN AUTOGENERATED FILE. DO NOT EDIT THIS FILE DIRECTLY.
# yarn lockfile v1


highcharts@^9.3.2:
  version "9.3.2"
  resolved "https://registry.yarnpkg.com/highcharts/-/highcharts-9.3.2.tgz#20b34f7277169a48d7b5691f74705e8addc78cd3"
  integrity sha512-I/48gNMvs3hZxZnPRUqLbnlrGZJJ7YPPVr1+fYeZ35p4pSZAOwTmAGbptrjBr7JlF52HmJH9zMbt/I4TPLu9Pg==
